
Microsoft Visual Studio Solution File, Format Version 12.00
# Visual Studio Version 16
VisualStudioVersion = 16.0.30611.23
MinimumVisualStudioVersion = 10.0.40219.1
Project("{9A19103F-16F7-4668-BE54-9A1E7A4F7556}") = "CTPH_CoreServiceAgent", "CTPH_CoreServiceAgent\CTPH_CoreServiceAgent.csproj", "{AD87A166-5809-44C0-A372-9FD19EE245B8}"
EndProject
Global
	GlobalSection(SolutionConfigurationPlatforms) = preSolution
		Debug|Any CPU = Debug|Any CPU
		Release|Any CPU = Release|Any CPU
	EndGlobalSection
	GlobalSection(ProjectConfigurationPlatforms) = postSolution
		{AD87A166-5809-44C0-A372-9FD19EE245B8}.Debug|Any CPU.ActiveCfg = Debug|Any CPU
		{AD87A166-5809-44C0-A372-9FD19EE245B8}.Debug|Any CPU.Build.0 = Debug|Any CPU
		{AD87A166-5809-44C0-A372-9FD19EE245B8}.Release|Any CPU.ActiveCfg = Release|Any CPU
		{AD87A166-5809-44C0-A372-9FD19EE245B8}.Release|Any CPU.Build.0 = Release|Any CPU
	EndGlobalSection
	GlobalSection(SolutionProperties) = preSolution
		HideSolutionNode = FALSE
	EndGlobalSection
	GlobalSection(ExtensibilityGlobals) = postSolution
		SolutionGuid = {F6C64E05-AD8A-40F1-9585-76A25304117B}
	EndGlobalSection
EndGlobal
